
Microsoft Visual Studio Solution File, Format Version 12.00
Project("{2150E333-8FDC-42A3-9474-1A3956D46DE8}") = "src", "src", "{02EAFD44-B75C-4484-9CBE-2FCD1C6E4F50}"
EndProject
Project("{FAE04EC0-301F-11D3-BF4B-00C04F79EFBC}") = "Realtor.WebApi", "src\Realtor.WebApi\Realtor.WebApi.csproj", "{0F042638-F3B2-476A-8797-F1EDB13642C4}"
EndProject
Project("{FAE04EC0-301F-11D3-BF4B-00C04F79EFBC}") = "Realtor.Domain", "src\Realtor.Domain\Realtor.Domain.csproj", "{D99D1ACD-2E95-4A4D-AB5D-6AFC0D8C1601}"
EndProject
Project("{FAE04EC0-301F-11D3-BF4B-00C04F79EFBC}") = "Realtor.Data", "src\Realtor.Data\Realtor.Data.csproj", "{07BD972A-D9B3-4690-AEE0-6031233D96DC}"
EndProject
Project("{FAE04EC0-301F-11D3-BF4B-00C04F79EFBC}") = "Realtor.Service", "src\Realtor.Service\Realtor.Service.csproj", "{56C51012-3507-496E-A53D-A97D69AE15C0}"
EndProject
Global
	GlobalSection(SolutionConfigurationPlatforms) = preSolution
		Debug|Any CPU = Debug|Any CPU
		Release|Any CPU = Release|Any CPU
	EndGlobalSection
	GlobalSection(ProjectConfigurationPlatforms) = postSolution
		{0F042638-F3B2-476A-8797-F1EDB13642C4}.Debug|Any CPU.ActiveCfg = Debug|Any CPU
		{0F042638-F3B2-476A-8797-F1EDB13642C4}.Debug|Any CPU.Build.0 = Debug|Any CPU
		{0F042638-F3B2-476A-8797-F1EDB13642C4}.Release|Any CPU.ActiveCfg = Release|Any CPU
		{0F042638-F3B2-476A-8797-F1EDB13642C4}.Release|Any CPU.Build.0 = Release|Any CPU
		{D99D1ACD-2E95-4A4D-AB5D-6AFC0D8C1601}.Debug|Any CPU.ActiveCfg = Debug|Any CPU
		{D99D1ACD-2E95-4A4D-AB5D-6AFC0D8C1601}.Debug|Any CPU.Build.0 = Debug|Any CPU
		{D99D1ACD-2E95-4A4D-AB5D-6AFC0D8C1601}.Release|Any CPU.ActiveCfg = Release|Any CPU
		{D99D1ACD-2E95-4A4D-AB5D-6AFC0D8C1601}.Release|Any CPU.Build.0 = Release|Any CPU
		{07BD972A-D9B3-4690-AEE0-6031233D96DC}.Debug|Any CPU.ActiveCfg = Debug|Any CPU
		{07BD972A-D9B3-4690-AEE0-6031233D96DC}.Debug|Any CPU.Build.0 = Debug|Any CPU
		{07BD972A-D9B3-4690-AEE0-6031233D96DC}.Release|Any CPU.ActiveCfg = Release|Any CPU
		{07BD972A-D9B3-4690-AEE0-6031233D96DC}.Release|Any CPU.Build.0 = Release|Any CPU
		{56C51012-3507-496E-A53D-A97D69AE15C0}.Debug|Any CPU.ActiveCfg = Debug|Any CPU
		{56C51012-3507-496E-A53D-A97D69AE15C0}.Debug|Any CPU.Build.0 = Debug|Any CPU
		{56C51012-3507-496E-A53D-A97D69AE15C0}.Release|Any CPU.ActiveCfg = Release|Any CPU
		{56C51012-3507-496E-A53D-A97D69AE15C0}.Release|Any CPU.Build.0 = Release|Any CPU
	EndGlobalSection
	GlobalSection(NestedProjects) = preSolution
		{0F042638-F3B2-476A-8797-F1EDB13642C4} = {02EAFD44-B75C-4484-9CBE-2FCD1C6E4F50}
		{D99D1ACD-2E95-4A4D-AB5D-6AFC0D8C1601} = {02EAFD44-B75C-4484-9CBE-2FCD1C6E4F50}
		{07BD972A-D9B3-4690-AEE0-6031233D96DC} = {02EAFD44-B75C-4484-9CBE-2FCD1C6E4F50}
		{56C51012-3507-496E-A53D-A97D69AE15C0} = {02EAFD44-B75C-4484-9CBE-2FCD1C6E4F50}
	EndGlobalSection
EndGlobal
